
Microsoft Visual Studio Solution File, Format Version 12.00
# Visual Studio Version 16
VisualStudioVersion = 16.0.29102.190
MinimumVisualStudioVersion = 10.0.40219.1
Project("{8BC9CEB8-8B4A-11D0-8D11-00A0C91BC942}") = "TX_drawing", "TX_drawing\TX_drawing.vcxproj", "{58563054-55DF-493D-B08B-A0589CA641CB}"
EndProject
Global
	GlobalSection(SolutionConfigurationPlatforms) = preSolution
		Debug|x64 = Debug|x64
		Debug|x86 = Debug|x86
		Release|x64 = Release|x64
		Release|x86 = Release|x86
	EndGlobalSection
	GlobalSection(ProjectConfigurationPlatforms) = postSolution
		{58563054-55DF-493D-B08B-A0589CA641CB}.Debug|x64.ActiveCfg = Debug|x64
		{58563054-55DF-493D-B08B-A0589CA641CB}.Debug|x64.Build.0 = Debug|x64
		{58563054-55DF-493D-B08B-A0589CA641CB}.Debug|x86.ActiveCfg = Debug|Win32
		{58563054-55DF-493D-B08B-A0589CA641CB}.Debug|x86.Build.0 = Debug|Win32
		{58563054-55DF-493D-B08B-A0589CA641CB}.Release|x64.ActiveCfg = Release|x64
		{58563054-55DF-493D-B08B-A0589CA641CB}.Release|x64.Build.0 = Release|x64
		{58563054-55DF-493D-B08B-A0589CA641CB}.Release|x86.ActiveCfg = Release|Win32
		{58563054-55DF-493D-B08B-A0589CA641CB}.Release|x86.Build.0 = Release|Win32
	EndGlobalSection
	GlobalSection(SolutionProperties) = preSolution
		HideSolutionNode = FALSE
	EndGlobalSection
	GlobalSection(ExtensibilityGlobals) = postSolution
		SolutionGuid = {C67761C7-82FF-4750-9BE4-D5837949FC80}
	EndGlobalSection
EndGlobal
