
Microsoft Visual Studio Solution File, Format Version 12.00
# Visual Studio Version 16
VisualStudioVersion = 16.0.29215.179
MinimumVisualStudioVersion = 10.0.40219.1
Project("{8BC9CEB8-8B4A-11D0-8D11-00A0C91BC942}") = "TXL_improved", "TXL_improved\TXL_improved.vcxproj", "{548D34E7-59AE-4553-AD34-B97BBC64F628}"
EndProject
Global
	GlobalSection(SolutionConfigurationPlatforms) = preSolution
		Debug|x64 = Debug|x64
		Debug|x86 = Debug|x86
		Release|x64 = Release|x64
		Release|x86 = Release|x86
	EndGlobalSection
	GlobalSection(ProjectConfigurationPlatforms) = postSolution
		{548D34E7-59AE-4553-AD34-B97BBC64F628}.Debug|x64.ActiveCfg = Debug|x64
		{548D34E7-59AE-4553-AD34-B97BBC64F628}.Debug|x64.Build.0 = Debug|x64
		{548D34E7-59AE-4553-AD34-B97BBC64F628}.Debug|x86.ActiveCfg = Debug|Win32
		{548D34E7-59AE-4553-AD34-B97BBC64F628}.Debug|x86.Build.0 = Debug|Win32
		{548D34E7-59AE-4553-AD34-B97BBC64F628}.Release|x64.ActiveCfg = Release|x64
		{548D34E7-59AE-4553-AD34-B97BBC64F628}.Release|x64.Build.0 = Release|x64
		{548D34E7-59AE-4553-AD34-B97BBC64F628}.Release|x86.ActiveCfg = Release|Win32
		{548D34E7-59AE-4553-AD34-B97BBC64F628}.Release|x86.Build.0 = Release|Win32
	EndGlobalSection
	GlobalSection(SolutionProperties) = preSolution
		HideSolutionNode = FALSE
	EndGlobalSection
	GlobalSection(ExtensibilityGlobals) = postSolution
		SolutionGuid = {F59007E2-E910-4494-AF53-B9E144745125}
	EndGlobalSection
EndGlobal
